// !$*UTF8*$!
{
	archiveVersion = 1;
	classes = {
	};
	objectVersion = 50;
	objects = {

/* Begin PBXFileReference section */
		12A073B82704AF9E00DE4A7B /* Dictionary.playground */ = {isa = PBXFileReference; lastKnownFileType = file.playground; path = Dictionary.playground; sourceTree = "<group>"; xcLanguageSpecificationIdentifier = xcode.lang.swift; };
/* End PBXFileReference section */

/* Begin PBXGroup section */
		12A073B12704AF8100DE4A7B = {
			isa = PBXGroup;
			children = (
				12A073B82704AF9E00DE4A7B /* Dictionary.playground */,
			);
			sourceTree = "<group>";
		};
/* End PBXGroup section */

/* Begin PBXProject section */
		12A073B22704AF8100DE4A7B /* Project object */ = {
			isa = PBXProject;
			attributes = {
				LastUpgradeCheck = 1250;
			};
			buildConfigurationList = 12A073B52704AF8100DE4A7B /* Build configuration list for PBXProject "Dictionary_exercise" */;
			compatibilityVersion = "Xcode 9.3";
			developmentRegion = en;
			hasScannedForEncodings = 0;
			knownRegions = (
				en,
				Base,
			);
			mainGroup = 12A073B12704AF8100DE4A7B;
			projectDirPath = "";
			projectRoot = "";
			targets = (
			);
		};
/* End PBXProject section */

/* Begin XCBuildConfiguration section */
		12A073B62704AF8100DE4A7B /* Debug */ = {
			isa = XCBuildConfiguration;
			buildSettings = {
			};
			name = Debug;
		};
		12A073B72704AF8100DE4A7B /* Release */ = {
			isa = XCBuildConfiguration;
			buildSettings = {
			};
			name = Release;
		};
/* End XCBuildConfiguration section */

/* Begin XCConfigurationList section */
		12A073B52704AF8100DE4A7B /* Build configuration list for PBXProject "Dictionary_exercise" */ = {
			isa = XCConfigurationList;
			buildConfigurations = (
				12A073B62704AF8100DE4A7B /* Debug */,
				12A073B72704AF8100DE4A7B /* Release */,
			);
			defaultConfigurationIsVisible = 0;
			defaultConfigurationName = Release;
		};
/* End XCConfigurationList section */
	};
	rootObject = 12A073B22704AF8100DE4A7B /* Project object */;
}
